
Microsoft Visual Studio Solution File, Format Version 12.00
# Visual Studio 2012
Project("{8BC9CEB8-8B4A-11D0-8D11-00A0C91BC942}") = "ISCppUnit", "ISCppUnit.vcxproj", "{BBAB17A0-31FD-4D1C-A83E-D5CB465CF521}"
EndProject
Project("{8BC9CEB8-8B4A-11D0-8D11-00A0C91BC942}") = "cppunit9", "..\..\SRC\cppunit\cppunit9.vcxproj", "{D5847982-E80B-486E-A5E9-6F785066AE36}"
EndProject
Global
	GlobalSection(SolutionConfigurationPlatforms) = preSolution
		Debug Crossplatform Setting|Win32 = Debug Crossplatform Setting|Win32
		Debug Crossplatform Setting|x64 = Debug Crossplatform Setting|x64
		Debug Unicode|Win32 = Debug Unicode|Win32
		Debug Unicode|x64 = Debug Unicode|x64
		Debug|Win32 = Debug|Win32
		Debug|x64 = Debug|x64
		DebugMD|Win32 = DebugMD|Win32
		DebugMD|x64 = DebugMD|x64
		DebugMT|Win32 = DebugMT|Win32
		DebugMT|x64 = DebugMT|x64
		Release|Win32 = Release|Win32
		Release|x64 = Release|x64
	EndGlobalSection
	GlobalSection(ProjectConfigurationPlatforms) = postSolution
		{BBAB17A0-31FD-4D1C-A83E-D5CB465CF521}.Debug Crossplatform Setting|Win32.ActiveCfg = Debug Unicode|Win32
		{BBAB17A0-31FD-4D1C-A83E-D5CB465CF521}.Debug Crossplatform Setting|Win32.Build.0 = Debug Unicode|Win32
		{BBAB17A0-31FD-4D1C-A83E-D5CB465CF521}.Debug Crossplatform Setting|x64.ActiveCfg = Debug Unicode|Win32
		{BBAB17A0-31FD-4D1C-A83E-D5CB465CF521}.Debug Unicode|Win32.ActiveCfg = Debug Unicode|Win32
		{BBAB17A0-31FD-4D1C-A83E-D5CB465CF521}.Debug Unicode|Win32.Build.0 = Debug Unicode|Win32
		{BBAB17A0-31FD-4D1C-A83E-D5CB465CF521}.Debug Unicode|x64.ActiveCfg = Debug Unicode|Win32
		{BBAB17A0-31FD-4D1C-A83E-D5CB465CF521}.Debug|Win32.ActiveCfg = Debug|Win32
		{BBAB17A0-31FD-4D1C-A83E-D5CB465CF521}.Debug|Win32.Build.0 = Debug|Win32
		{BBAB17A0-31FD-4D1C-A83E-D5CB465CF521}.Debug|x64.ActiveCfg = Debug|Win32
		{BBAB17A0-31FD-4D1C-A83E-D5CB465CF521}.DebugMD|Win32.ActiveCfg = Debug|Win32
		{BBAB17A0-31FD-4D1C-A83E-D5CB465CF521}.DebugMD|Win32.Build.0 = Debug|Win32
		{BBAB17A0-31FD-4D1C-A83E-D5CB465CF521}.DebugMD|x64.ActiveCfg = Debug|Win32
		{BBAB17A0-31FD-4D1C-A83E-D5CB465CF521}.DebugMT|Win32.ActiveCfg = Debug|Win32
		{BBAB17A0-31FD-4D1C-A83E-D5CB465CF521}.DebugMT|Win32.Build.0 = Debug|Win32
		{BBAB17A0-31FD-4D1C-A83E-D5CB465CF521}.DebugMT|x64.ActiveCfg = Debug|Win32
		{BBAB17A0-31FD-4D1C-A83E-D5CB465CF521}.Release|Win32.ActiveCfg = Release|Win32
		{BBAB17A0-31FD-4D1C-A83E-D5CB465CF521}.Release|Win32.Build.0 = Release|Win32
		{BBAB17A0-31FD-4D1C-A83E-D5CB465CF521}.Release|x64.ActiveCfg = Release|Win32
		{D5847982-E80B-486E-A5E9-6F785066AE36}.Debug Crossplatform Setting|Win32.ActiveCfg = Debug Crossplatform Setting|Win32
		{D5847982-E80B-486E-A5E9-6F785066AE36}.Debug Crossplatform Setting|Win32.Build.0 = Debug Crossplatform Setting|Win32
		{D5847982-E80B-486E-A5E9-6F785066AE36}.Debug Crossplatform Setting|x64.ActiveCfg = Debug Crossplatform Setting|x64
		{D5847982-E80B-486E-A5E9-6F785066AE36}.Debug Crossplatform Setting|x64.Build.0 = Debug Crossplatform Setting|x64
		{D5847982-E80B-486E-A5E9-6F785066AE36}.Debug Unicode|Win32.ActiveCfg = Debug Crossplatform Setting|Win32
		{D5847982-E80B-486E-A5E9-6F785066AE36}.Debug Unicode|Win32.Build.0 = Debug Crossplatform Setting|Win32
		{D5847982-E80B-486E-A5E9-6F785066AE36}.Debug Unicode|x64.ActiveCfg = Debug Crossplatform Setting|x64
		{D5847982-E80B-486E-A5E9-6F785066AE36}.Debug Unicode|x64.Build.0 = Debug Crossplatform Setting|x64
		{D5847982-E80B-486E-A5E9-6F785066AE36}.Debug|Win32.ActiveCfg = Debug Crossplatform Setting|Win32
		{D5847982-E80B-486E-A5E9-6F785066AE36}.Debug|Win32.Build.0 = Debug Crossplatform Setting|Win32
		{D5847982-E80B-486E-A5E9-6F785066AE36}.Debug|x64.ActiveCfg = Debug Crossplatform Setting|x64
		{D5847982-E80B-486E-A5E9-6F785066AE36}.Debug|x64.Build.0 = Debug Crossplatform Setting|x64
		{D5847982-E80B-486E-A5E9-6F785066AE36}.DebugMD|Win32.ActiveCfg = DebugMD|Win32
		{D5847982-E80B-486E-A5E9-6F785066AE36}.DebugMD|Win32.Build.0 = DebugMD|Win32
		{D5847982-E80B-486E-A5E9-6F785066AE36}.DebugMD|x64.ActiveCfg = DebugMD|x64
		{D5847982-E80B-486E-A5E9-6F785066AE36}.DebugMD|x64.Build.0 = DebugMD|x64
		{D5847982-E80B-486E-A5E9-6F785066AE36}.DebugMT|Win32.ActiveCfg = DebugMT|Win32
		{D5847982-E80B-486E-A5E9-6F785066AE36}.DebugMT|Win32.Build.0 = DebugMT|Win32
		{D5847982-E80B-486E-A5E9-6F785066AE36}.DebugMT|x64.ActiveCfg = DebugMT|x64
		{D5847982-E80B-486E-A5E9-6F785066AE36}.DebugMT|x64.Build.0 = DebugMT|x64
		{D5847982-E80B-486E-A5E9-6F785066AE36}.Release|Win32.ActiveCfg = Release|Win32
		{D5847982-E80B-486E-A5E9-6F785066AE36}.Release|Win32.Build.0 = Release|Win32
		{D5847982-E80B-486E-A5E9-6F785066AE36}.Release|x64.ActiveCfg = Release|x64
		{D5847982-E80B-486E-A5E9-6F785066AE36}.Release|x64.Build.0 = Release|x64
	EndGlobalSection
	GlobalSection(SolutionProperties) = preSolution
		HideSolutionNode = FALSE
	EndGlobalSection
EndGlobal
